
Microsoft Visual Studio Solution File, Format Version 12.00
# Visual Studio Version 16
VisualStudioVersion = 16.0.32106.194
MinimumVisualStudioVersion = 10.0.40219.1
Project("{9A19103F-16F7-4668-BE54-9A1E7A4F7556}") = "CatalogService", "CatalogService\CatalogService.csproj", "{CDE8290B-8D38-45E8-8F51-A66B168544C3}"
EndProject
Project("{9A19103F-16F7-4668-BE54-9A1E7A4F7556}") = "Gateway", "Gateway\Gateway.csproj", "{728FA6C8-1CEF-40BA-937C-5994D28A228E}"
EndProject
Project("{FAE04EC0-301F-11D3-BF4B-00C04F79EFBC}") = "Second", "Second\Second.csproj", "{D4CBC2F3-6A99-41D9-89CF-20116780EDCB}"
EndProject
Global
	GlobalSection(SolutionConfigurationPlatforms) = preSolution
		Debug|Any CPU = Debug|Any CPU
		Release|Any CPU = Release|Any CPU
	EndGlobalSection
	GlobalSection(ProjectConfigurationPlatforms) = postSolution
		{CDE8290B-8D38-45E8-8F51-A66B168544C3}.Debug|Any CPU.ActiveCfg = Debug|Any CPU
		{CDE8290B-8D38-45E8-8F51-A66B168544C3}.Debug|Any CPU.Build.0 = Debug|Any CPU
		{CDE8290B-8D38-45E8-8F51-A66B168544C3}.Release|Any CPU.ActiveCfg = Release|Any CPU
		{CDE8290B-8D38-45E8-8F51-A66B168544C3}.Release|Any CPU.Build.0 = Release|Any CPU
		{728FA6C8-1CEF-40BA-937C-5994D28A228E}.Debug|Any CPU.ActiveCfg = Debug|Any CPU
		{728FA6C8-1CEF-40BA-937C-5994D28A228E}.Debug|Any CPU.Build.0 = Debug|Any CPU
		{728FA6C8-1CEF-40BA-937C-5994D28A228E}.Release|Any CPU.ActiveCfg = Release|Any CPU
		{728FA6C8-1CEF-40BA-937C-5994D28A228E}.Release|Any CPU.Build.0 = Release|Any CPU
		{D4CBC2F3-6A99-41D9-89CF-20116780EDCB}.Debug|Any CPU.ActiveCfg = Debug|Any CPU
		{D4CBC2F3-6A99-41D9-89CF-20116780EDCB}.Debug|Any CPU.Build.0 = Debug|Any CPU
		{D4CBC2F3-6A99-41D9-89CF-20116780EDCB}.Release|Any CPU.ActiveCfg = Release|Any CPU
		{D4CBC2F3-6A99-41D9-89CF-20116780EDCB}.Release|Any CPU.Build.0 = Release|Any CPU
	EndGlobalSection
	GlobalSection(SolutionProperties) = preSolution
		HideSolutionNode = FALSE
	EndGlobalSection
	GlobalSection(ExtensibilityGlobals) = postSolution
		SolutionGuid = {5767B9F1-034B-4F72-AED2-59C62A69E29F}
	EndGlobalSection
EndGlobal
